Microsoft Visual Studio Solution File, Format Version 12.00
# Visual Studio Version 17
VisualStudioVersion = 17.5.2.0
MinimumVisualStudioVersion = 10.0.40219.1
Project("{FAE04EC0-301F-11D3-BF4B-00C04F79EFBC}") = "FlixList", "FlixList.csproj", "{08A4F78B-7E3F-4C2A-0884-711C619410B3}"
EndProject
Global
	GlobalSection(SolutionConfigurationPlatforms) = preSolution
		Debug|Any CPU = Debug|Any CPU
		Release|Any CPU = Release|Any CPU
	EndGlobalSection
	GlobalSection(ProjectConfigurationPlatforms) = postSolution
		{08A4F78B-7E3F-4C2A-0884-711C619410B3}.Debug|Any CPU.ActiveCfg = Debug|Any CPU
		{08A4F78B-7E3F-4C2A-0884-711C619410B3}.Debug|Any CPU.Build.0 = Debug|Any CPU
		{08A4F78B-7E3F-4C2A-0884-711C619410B3}.Release|Any CPU.ActiveCfg = Release|Any CPU
		{08A4F78B-7E3F-4C2A-0884-711C619410B3}.Release|Any CPU.Build.0 = Release|Any CPU
	EndGlobalSection
	GlobalSection(SolutionProperties) = preSolution
		HideSolutionNode = FALSE
	EndGlobalSection
	GlobalSection(ExtensibilityGlobals) = postSolution
		SolutionGuid = {9F8CB145-9941-42F6-AA26-456D73F62FEC}
	EndGlobalSection
EndGlobal
